
Microsoft Visual Studio Solution File, Format Version 12.00
# Visual Studio Version 17
VisualStudioVersion = 17.10.34928.147
MinimumVisualStudioVersion = 10.0.40219.1
Project("{FAE04EC0-301F-11D3-BF4B-00C04F79EFBC}") = "PassionProject", "PassionProject\PassionProject.csproj", "{BFE95F08-1840-4FAA-9AFF-EC458504F2BC}"
EndProject
Global
	GlobalSection(SolutionConfigurationPlatforms) = preSolution
		Debug|Any CPU = Debug|Any CPU
		Release|Any CPU = Release|Any CPU
	EndGlobalSection
	GlobalSection(ProjectConfigurationPlatforms) = postSolution
		{BFE95F08-1840-4FAA-9AFF-EC458504F2BC}.Debug|Any CPU.ActiveCfg = Debug|Any CPU
		{BFE95F08-1840-4FAA-9AFF-EC458504F2BC}.Debug|Any CPU.Build.0 = Debug|Any CPU
		{BFE95F08-1840-4FAA-9AFF-EC458504F2BC}.Release|Any CPU.ActiveCfg = Release|Any CPU
		{BFE95F08-1840-4FAA-9AFF-EC458504F2BC}.Release|Any CPU.Build.0 = Release|Any CPU
	EndGlobalSection
	GlobalSection(SolutionProperties) = preSolution
		HideSolutionNode = FALSE
	EndGlobalSection
	GlobalSection(ExtensibilityGlobals) = postSolution
		SolutionGuid = {8BDB75A0-BEBB-42E0-8E08-7CBA81F1632C}
	EndGlobalSection
EndGlobal
